// !$*UTF8*$!
{
	archiveVersion = 1;
	classes = {
	};
	objectVersion = 50;
	objects = {

/* Begin PBXBuildFile section */
		2602C322226C59B400675467 /* FirstTutorialViewController.swift in Sources */ = {isa = PBXBuildFile; fileRef = 2602C321226C59B400675467 /* FirstTutorialViewController.swift */; };
		2602C324226C5A3300675467 /* SecondTutorialViewController.swift in Sources */ = {isa = PBXBuildFile; fileRef = 2602C323226C5A3300675467 /* SecondTutorialViewController.swift */; };
		2611C71B22705B310084EBCC /* StoreViewController.swift in Sources */ = {isa = PBXBuildFile; fileRef = 2611C71A22705B310084EBCC /* StoreViewController.swift */; };
		2611C72022705DB80084EBCC /* Store.storyboard in Resources */ = {isa = PBXBuildFile; fileRef = 2611C71F22705DB80084EBCC /* Store.storyboard */; };
		2611C722227064300084EBCC /* StoreCollectionViewCell.swift in Sources */ = {isa = PBXBuildFile; fileRef = 2611C721227064300084EBCC /* StoreCollectionViewCell.swift */; };
		2614F188226C650E00A0EC36 /* BasedTutorialViewController.swift in Sources */ = {isa = PBXBuildFile; fileRef = 2614F187226C650E00A0EC36 /* BasedTutorialViewController.swift */; };
		2614F18A226C6B1500A0EC36 /* ThirdTutorialViewController.swift in Sources */ = {isa = PBXBuildFile; fileRef = 2614F189226C6B1500A0EC36 /* ThirdTutorialViewController.swift */; };
		2614F18D226CB02C00A0EC36 /* UIButtonExtention.swift in Sources */ = {isa = PBXBuildFile; fileRef = 2614F18C226CB02C00A0EC36 /* UIButtonExtention.swift */; };
		262C9EB822578BAC007CBBAA /* AudioSettings.swift in Sources */ = {isa = PBXBuildFile; fileRef = 262C9EB722578BAC007CBBAA /* AudioSettings.swift */; };
		262C9EBA2257A0AC007CBBAA /* CellCollectionViewCell.swift in Sources */ = {isa = PBXBuildFile; fileRef = 262C9EB92257A0AC007CBBAA /* CellCollectionViewCell.swift */; };
		262C9EC1225812C6007CBBAA /* dingcorrect.wav in Resources */ = {isa = PBXBuildFile; fileRef = 262C9EBD225812C6007CBBAA /* dingcorrect.wav */; };
		262C9EC2225812C6007CBBAA /* cardflip.wav in Resources */ = {isa = PBXBuildFile; fileRef = 262C9EBE225812C6007CBBAA /* cardflip.wav */; };
		262C9EC3225812C6007CBBAA /* dingwrong.wav in Resources */ = {isa = PBXBuildFile; fileRef = 262C9EBF225812C6007CBBAA /* dingwrong.wav */; };
		262C9EC4225812C6007CBBAA /* shuffle.wav in Resources */ = {isa = PBXBuildFile; fileRef = 262C9EC0225812C6007CBBAA /* shuffle.wav */; };
		26388222228ED31700CEF517 /* StoreSecondVC.swift in Sources */ = {isa = PBXBuildFile; fileRef = 26388221228ED31700CEF517 /* StoreSecondVC.swift */; };
		26388225228EDBB100CEF517 /* SecondVCStoreCell.swift in Sources */ = {isa = PBXBuildFile; fileRef = 26388224228EDBB100CEF517 /* SecondVCStoreCell.swift */; };
		26388229228EE7BD00CEF517 /* ThemeStyleSingleton.swift in Sources */ = {isa = PBXBuildFile; fileRef = 26388228228EE7BD00CEF517 /* ThemeStyleSingleton.swift */; };
		26406ECE22897C5D0044E2FC /* Mush.wav in Resources */ = {isa = PBXBuildFile; fileRef = 26406ECD22897C5D0044E2FC /* Mush.wav */; };
		265815AD2292B1E300609BA4 /* Mush.wav in Resources */ = {isa = PBXBuildFile; fileRef = 265815AC2292B1E300609BA4 /* Mush.wav */; };
		266092F92271AB6500FC1571 /* ShopMenu.swift in Sources */ = {isa = PBXBuildFile; fileRef = 266092F82271AB6500FC1571 /* ShopMenu.swift */; };
		2670354222577A63008952A5 /* AppDelegate.swift in Sources */ = {isa = PBXBuildFile; fileRef = 2670354122577A63008952A5 /* AppDelegate.swift */; };
		2670354422577A63008952A5 /* ViewController.swift in Sources */ = {isa = PBXBuildFile; fileRef = 2670354322577A63008952A5 /* ViewController.swift */; };
		2670354722577A63008952A5 /* Main.storyboard in Resources */ = {isa = PBXBuildFile; fileRef = 2670354522577A63008952A5 /* Main.storyboard */; };
		2670354A22577A64008952A5 /* Lady_Sharm.xcdatamodeld in Sources */ = {isa = PBXBuildFile; fileRef = 2670354822577A64008952A5 /* Lady_Sharm.xcdatamodeld */; };
		2670354C22577A65008952A5 /* Assets.xcassets in Resources */ = {isa = PBXBuildFile; fileRef = 2670354B22577A65008952A5 /* Assets.xcassets */; };
		2670354F22577A65008952A5 /* LaunchScreen.storyboard in Resources */ = {isa = PBXBuildFile; fileRef = 2670354D22577A65008952A5 /* LaunchScreen.storyboard */; };
		2670355822577AE5008952A5 /* Card.swift in Sources */ = {isa = PBXBuildFile; fileRef = 2670355722577AE5008952A5 /* Card.swift */; };
		2670355D22578090008952A5 /* CardModel.swift in Sources */ = {isa = PBXBuildFile; fileRef = 2670355C22578090008952A5 /* CardModel.swift */; };
		2670356022578135008952A5 /* SettingsViewController.swift in Sources */ = {isa = PBXBuildFile; fileRef = 2670355F22578135008952A5 /* SettingsViewController.swift */; };
		267035622257814E008952A5 /* GameLevelViewController.swift in Sources */ = {isa = PBXBuildFile; fileRef = 267035612257814E008952A5 /* GameLevelViewController.swift */; };
		2670356422578178008952A5 /* GameSceneViewController.swift in Sources */ = {isa = PBXBuildFile; fileRef = 2670356322578178008952A5 /* GameSceneViewController.swift */; };
		267035662257818D008952A5 /* EndGameViewController.swift in Sources */ = {isa = PBXBuildFile; fileRef = 267035652257818D008952A5 /* EndGameViewController.swift */; };
		26703568225781A5008952A5 /* PrivacyViewController.swift in Sources */ = {isa = PBXBuildFile; fileRef = 26703567225781A5008952A5 /* PrivacyViewController.swift */; };
		2670356E22578808008952A5 /* AudioPlayer.swift in Sources */ = {isa = PBXBuildFile; fileRef = 2670356D22578808008952A5 /* AudioPlayer.swift */; };
		2679DCC4225B79280080BA26 /* Roboto-Thin.ttf in Resources */ = {isa = PBXBuildFile; fileRef = 2679DCBF225B79280080BA26 /* Roboto-Thin.ttf */; };
		2679DCC5225B79280080BA26 /* Roboto-Bold.ttf in Resources */ = {isa = PBXBuildFile; fileRef = 2679DCC0225B79280080BA26 /* Roboto-Bold.ttf */; };
		2679DCC6225B79280080BA26 /* Roboto-Italic.ttf in Resources */ = {isa = PBXBuildFile; fileRef = 2679DCC1225B79280080BA26 /* Roboto-Italic.ttf */; };
		2679DCC7225B79280080BA26 /* Roboto-Light.ttf in Resources */ = {isa = PBXBuildFile; fileRef = 2679DCC2225B79280080BA26 /* Roboto-Light.ttf */; };
		2679DCC8225B79280080BA26 /* Roboto-Medium.ttf in Resources */ = {isa = PBXBuildFile; fileRef = 2679DCC3225B79280080BA26 /* Roboto-Medium.ttf */; };
		2679DCCA225B7A900080BA26 /* Roboto-Regular.ttf in Resources */ = {isa = PBXBuildFile; fileRef = 2679DCC9225B7A900080BA26 /* Roboto-Regular.ttf */; };
		2688233E225A26BF00D29FA9 /* Scores.swift in Sources */ = {isa = PBXBuildFile; fileRef = 2688233D225A26BF00D29FA9 /* Scores.swift */; };
		26B1AB7C2270AA1600628781 /* Shop.swift in Sources */ = {isa = PBXBuildFile; fileRef = 26B1AB7B2270AA1600628781 /* Shop.swift */; };
		26B1AB7E2270AB4000628781 /* Thems.swift in Sources */ = {isa = PBXBuildFile; fileRef = 26B1AB7D2270AB4000628781 /* Thems.swift */; };
		26BAD01B228DB26F001FDCC4 /* StoreManager.swift in Sources */ = {isa = PBXBuildFile; fileRef = 26BAD01A228DB26F001FDCC4 /* StoreManager.swift */; };
		26BAD01D228DB3B1001FDCC4 /* CardStyleSingleton.swift in Sources */ = {isa = PBXBuildFile; fileRef = 26BAD01C228DB3B1001FDCC4 /* CardStyleSingleton.swift */; };
		26BAD021228DB830001FDCC4 /* Product.swift in Sources */ = {isa = PBXBuildFile; fileRef = 26BAD020228DB830001FDCC4 /* Product.swift */; };
		26BAD023228DBF2D001FDCC4 /* ProductProvider.swift in Sources */ = {isa = PBXBuildFile; fileRef = 26BAD022228DBF2D001FDCC4 /* ProductProvider.swift */; };
		26CC9FB0226DA8E900CAD4C5 /* Tutorial.storyboard in Resources */ = {isa = PBXBuildFile; fileRef = 26CC9FAF226DA8E900CAD4C5 /* Tutorial.storyboard */; };
		26E9FCD22271DF6D00889A8A /* ByuingSettings.swift in Sources */ = {isa = PBXBuildFile; fileRef = 26E9FCD12271DF6D00889A8A /* ByuingSettings.swift */; };
		3EBA62ABFF4309B48D084160 /* Pods_Lady_Sharm.framework in Frameworks */ = {isa = PBXBuildFile; fileRef = E720BAC0A4FBF67998243BA6 /* Pods_Lady_Sharm.framework */; };
/* End PBXBuildFile section */

/* Begin PBXFileReference section */
		192728356E98B8251E18D050 /* Pods-Lady Sharm.release.xcconfig */ = {isa = PBXFileReference; includeInIndex = 1; lastKnownFileType = text.xcconfig; name = "Pods-Lady Sharm.release.xcconfig"; path = "Pods/Target Support Files/Pods-Lady Sharm/Pods-Lady Sharm.release.xcconfig"; sourceTree = "<group>"; };
		2602C321226C59B400675467 /* FirstTutorialViewController.swift */ = {isa = PBXFileReference; lastKnownFileType = sourcecode.swift; path = FirstTutorialViewController.swift; sourceTree = "<group>"; };
		2602C323226C5A3300675467 /* SecondTutorialViewController.swift */ = {isa = PBXFileReference; lastKnownFileType = sourcecode.swift; path = SecondTutorialViewController.swift; sourceTree = "<group>"; };
		2611C71A22705B310084EBCC /* StoreViewController.swift */ = {isa = PBXFileReference; lastKnownFileType = sourcecode.swift; path = StoreViewController.swift; sourceTree = "<group>"; };
		2611C71F22705DB80084EBCC /* Store.storyboard */ = {isa = PBXFileReference; lastKnownFileType = file.storyboard; path = Store.storyboard; sourceTree = "<group>"; };
		2611C721227064300084EBCC /* StoreCollectionViewCell.swift */ = {isa = PBXFileReference; lastKnownFileType = sourcecode.swift; path = StoreCollectionViewCell.swift; sourceTree = "<group>"; };
		2614F187226C650E00A0EC36 /* BasedTutorialViewController.swift */ = {isa = PBXFileReference; fileEncoding = 4; lastKnownFileType = sourcecode.swift; path = BasedTutorialViewController.swift; sourceTree = "<group>"; };
		2614F189226C6B1500A0EC36 /* ThirdTutorialViewController.swift */ = {isa = PBXFileReference; lastKnownFileType = sourcecode.swift; path = ThirdTutorialViewController.swift; sourceTree = "<group>"; };
		2614F18C226CB02C00A0EC36 /* UIButtonExtention.swift */ = {isa = PBXFileReference; lastKnownFileType = sourcecode.swift; path = UIButtonExtention.swift; sourceTree = "<group>"; };
		262C9EB722578BAC007CBBAA /* AudioSettings.swift */ = {isa = PBXFileReference; lastKnownFileType = sourcecode.swift; path = AudioSettings.swift; sourceTree = "<group>"; };
		262C9EB92257A0AC007CBBAA /* CellCollectionViewCell.swift */ = {isa = PBXFileReference; lastKnownFileType = sourcecode.swift; path = CellCollectionViewCell.swift; sourceTree = "<group>"; };
		262C9EBD225812C6007CBBAA /* dingcorrect.wav */ = {isa = PBXFileReference; lastKnownFileType = audio.wav; path = dingcorrect.wav; sourceTree = "<group>"; };
		262C9EBE225812C6007CBBAA /* cardflip.wav */ = {isa = PBXFileReference; lastKnownFileType = audio.wav; path = cardflip.wav; sourceTree = "<group>"; };
		262C9EBF225812C6007CBBAA /* dingwrong.wav */ = {isa = PBXFileReference; lastKnownFileType = audio.wav; path = dingwrong.wav; sourceTree = "<group>"; };
		262C9EC0225812C6007CBBAA /* shuffle.wav */ = {isa = PBXFileReference; lastKnownFileType = audio.wav; path = shuffle.wav; sourceTree = "<group>"; };
		26388221228ED31700CEF517 /* StoreSecondVC.swift */ = {isa = PBXFileReference; lastKnownFileType = sourcecode.swift; path = StoreSecondVC.swift; sourceTree = "<group>"; };
		26388224228EDBB100CEF517 /* SecondVCStoreCell.swift */ = {isa = PBXFileReference; lastKnownFileType = sourcecode.swift; path = SecondVCStoreCell.swift; sourceTree = "<group>"; };
		26388228228EE7BD00CEF517 /* ThemeStyleSingleton.swift */ = {isa = PBXFileReference; lastKnownFileType = sourcecode.swift; path = ThemeStyleSingleton.swift; sourceTree = "<group>"; };
		26406ECD22897C5D0044E2FC /* Mush.wav */ = {isa = PBXFileReference; lastKnownFileType = audio.wav; path = Mush.wav; sourceTree = "<group>"; };
		265815AC2292B1E300609BA4 /* Mush.wav */ = {isa = PBXFileReference; lastKnownFileType = audio.wav; path = Mush.wav; sourceTree = "<group>"; };
		266092F82271AB6500FC1571 /* ShopMenu.swift */ = {isa = PBXFileReference; lastKnownFileType = sourcecode.swift; path = ShopMenu.swift; sourceTree = "<group>"; };
		2670353E22577A63008952A5 /* Lady Sharm.app */ = {isa = PBXFileReference; explicitFileType = wrapper.application; includeInIndex = 0; path = "Lady Sharm.app"; sourceTree = BUILT_PRODUCTS_DIR; };
		2670354122577A63008952A5 /* AppDelegate.swift */ = {isa = PBXFileReference; lastKnownFileType = sourcecode.swift; path = AppDelegate.swift; sourceTree = "<group>"; };
		2670354322577A63008952A5 /* ViewController.swift */ = {isa = PBXFileReference; lastKnownFileType = sourcecode.swift; path = ViewController.swift; sourceTree = "<group>"; };
		2670354622577A63008952A5 /* Base */ = {isa = PBXFileReference; lastKnownFileType = file.storyboard; name = Base; path = Base.lproj/Main.storyboard; sourceTree = "<group>"; };
		2670354922577A64008952A5 /* Lady_Sharm.xcdatamodel */ = {isa = PBXFileReference; lastKnownFileType = wrapper.xcdatamodel; path = Lady_Sharm.xcdatamodel; sourceTree = "<group>"; };
		2670354B22577A65008952A5 /* Assets.xcassets */ = {isa = PBXFileReference; lastKnownFileType = folder.assetcatalog; path = Assets.xcassets; sourceTree = "<group>"; };
		2670354E22577A65008952A5 /* Base */ = {isa = PBXFileReference; lastKnownFileType = file.storyboard; name = Base; path = Base.lproj/LaunchScreen.storyboard; sourceTree = "<group>"; };
		2670355022577A65008952A5 /* Info.plist */ = {isa = PBXFileReference; lastKnownFileType = text.plist.xml; path = Info.plist; sourceTree = "<group>"; };
		2670355722577AE5008952A5 /* Card.swift */ = {isa = PBXFileReference; lastKnownFileType = sourcecode.swift; path = Card.swift; sourceTree = "<group>"; };
		2670355C22578090008952A5 /* CardModel.swift */ = {isa = PBXFileReference; lastKnownFileType = sourcecode.swift; path = CardModel.swift; sourceTree = "<group>"; };
		2670355F22578135008952A5 /* SettingsViewController.swift */ = {isa = PBXFileReference; lastKnownFileType = sourcecode.swift; path = SettingsViewController.swift; sourceTree = "<group>"; };
		267035612257814E008952A5 /* GameLevelViewController.swift */ = {isa = PBXFileReference; lastKnownFileType = sourcecode.swift; path = GameLevelViewController.swift; sourceTree = "<group>"; };
		2670356322578178008952A5 /* GameSceneViewController.swift */ = {isa = PBXFileReference; lastKnownFileType = sourcecode.swift; path = GameSceneViewController.swift; sourceTree = "<group>"; };
		267035652257818D008952A5 /* EndGameViewController.swift */ = {isa = PBXFileReference; lastKnownFileType = sourcecode.swift; path = EndGameViewController.swift; sourceTree = "<group>"; };
		26703567225781A5008952A5 /* PrivacyViewController.swift */ = {isa = PBXFileReference; lastKnownFileType = sourcecode.swift; path = PrivacyViewController.swift; sourceTree = "<group>"; };
		2670356D22578808008952A5 /* AudioPlayer.swift */ = {isa = PBXFileReference; lastKnownFileType = sourcecode.swift; path = AudioPlayer.swift; sourceTree = "<group>"; };
		2679DCBF225B79280080BA26 /* Roboto-Thin.ttf */ = {isa = PBXFileReference; lastKnownFileType = file; path = "Roboto-Thin.ttf"; sourceTree = "<group>"; };
		2679DCC0225B79280080BA26 /* Roboto-Bold.ttf */ = {isa = PBXFileReference; lastKnownFileType = file; path = "Roboto-Bold.ttf"; sourceTree = "<group>"; };
		2679DCC1225B79280080BA26 /* Roboto-Italic.ttf */ = {isa = PBXFileReference; lastKnownFileType = file; path = "Roboto-Italic.ttf"; sourceTree = "<group>"; };
		2679DCC2225B79280080BA26 /* Roboto-Light.ttf */ = {isa = PBXFileReference; lastKnownFileType = file; path = "Roboto-Light.ttf"; sourceTree = "<group>"; };
		2679DCC3225B79280080BA26 /* Roboto-Medium.ttf */ = {isa = PBXFileReference; lastKnownFileType = file; path = "Roboto-Medium.ttf"; sourceTree = "<group>"; };
		2679DCC9225B7A900080BA26 /* Roboto-Regular.ttf */ = {isa = PBXFileReference; lastKnownFileType = file; path = "Roboto-Regular.ttf"; sourceTree = "<group>"; };
		2688233D225A26BF00D29FA9 /* Scores.swift */ = {isa = PBXFileReference; lastKnownFileType = sourcecode.swift; path = Scores.swift; sourceTree = "<group>"; };
		26B1AB7B2270AA1600628781 /* Shop.swift */ = {isa = PBXFileReference; lastKnownFileType = sourcecode.swift; path = Shop.swift; sourceTree = "<group>"; };
		26B1AB7D2270AB4000628781 /* Thems.swift */ = {isa = PBXFileReference; lastKnownFileType = sourcecode.swift; path = Thems.swift; sourceTree = "<group>"; };
		26BAD01A228DB26F001FDCC4 /* StoreManager.swift */ = {isa = PBXFileReference; lastKnownFileType = sourcecode.swift; path = StoreManager.swift; sourceTree = "<group>"; };
		26BAD01C228DB3B1001FDCC4 /* CardStyleSingleton.swift */ = {isa = PBXFileReference; lastKnownFileType = sourcecode.swift; path = CardStyleSingleton.swift; sourceTree = "<group>"; };
		26BAD020228DB830001FDCC4 /* Product.swift */ = {isa = PBXFileReference; lastKnownFileType = sourcecode.swift; path = Product.swift; sourceTree = "<group>"; };
		26BAD022228DBF2D001FDCC4 /* ProductProvider.swift */ = {isa = PBXFileReference; lastKnownFileType = sourcecode.swift; path = ProductProvider.swift; sourceTree = "<group>"; };
		26CC9FAF226DA8E900CAD4C5 /* Tutorial.storyboard */ = {isa = PBXFileReference; lastKnownFileType = file.storyboard; path = Tutorial.storyboard; sourceTree = "<group>"; };
		26E9FCD12271DF6D00889A8A /* ByuingSettings.swift */ = {isa = PBXFileReference; lastKnownFileType = sourcecode.swift; path = ByuingSettings.swift; sourceTree = "<group>"; };
		E720BAC0A4FBF67998243BA6 /* Pods_Lady_Sharm.framework */ = {isa = PBXFileReference; explicitFileType = wrapper.framework; includeInIndex = 0; path = Pods_Lady_Sharm.framework; sourceTree = BUILT_PRODUCTS_DIR; };
		FCBA2D9DE234FB3272946625 /* Pods-Lady Sharm.debug.xcconfig */ = {isa = PBXFileReference; includeInIndex = 1; lastKnownFileType = text.xcconfig; name = "Pods-Lady Sharm.debug.xcconfig"; path = "Pods/Target Support Files/Pods-Lady Sharm/Pods-Lady Sharm.debug.xcconfig"; sourceTree = "<group>"; };
/* End PBXFileReference section */

/* Begin PBXFrameworksBuildPhase section */
		2670353B22577A63008952A5 /* Frameworks */ = {
			isa = PBXFrameworksBuildPhase;
			buildActionMask = 2147483647;
			files = (
				3EBA62ABFF4309B48D084160 /* Pods_Lady_Sharm.framework in Frameworks */,
			);
			runOnlyForDeploymentPostprocessing = 0;
		};
/* End PBXFrameworksBuildPhase section */

/* Begin PBXGroup section */
		2614F18B226CB00400A0EC36 /* Extentions */ = {
			isa = PBXGroup;
			children = (
				2614F18C226CB02C00A0EC36 /* UIButtonExtention.swift */,
			);
			path = Extentions;
			sourceTree = "<group>";
		};
		262C9EBB2257A0B6007CBBAA /* View */ = {
			isa = PBXGroup;
			children = (
				262C9EB92257A0AC007CBBAA /* CellCollectionViewCell.swift */,
				2611C721227064300084EBCC /* StoreCollectionViewCell.swift */,
				26388224228EDBB100CEF517 /* SecondVCStoreCell.swift */,
			);
			path = View;
			sourceTree = "<group>";
		};
		262C9EBC2258129F007CBBAA /* Sounds */ = {
			isa = PBXGroup;
			children = (
				26406ECD22897C5D0044E2FC /* Mush.wav */,
				265815AC2292B1E300609BA4 /* Mush.wav */,
				262C9EBE225812C6007CBBAA /* cardflip.wav */,
				262C9EBD225812C6007CBBAA /* dingcorrect.wav */,
				262C9EBF225812C6007CBBAA /* dingwrong.wav */,
				262C9EC0225812C6007CBBAA /* shuffle.wav */,
			);
			path = Sounds;
			sourceTree = "<group>";
		};
		26388223228ED37100CEF517 /* Store */ = {
			isa = PBXGroup;
			children = (
				2611C71A22705B310084EBCC /* StoreViewController.swift */,
				26388221228ED31700CEF517 /* StoreSecondVC.swift */,
			);
			path = Store;
			sourceTree = "<group>";
		};
		2670353522577A63008952A5 = {
			isa = PBXGroup;
			children = (
				2670354022577A63008952A5 /* Lady Sharm */,
				2670353F22577A63008952A5 /* Products */,
				80086FF7A28DD0E567A4AA1A /* Pods */,
				50459C1D2CE7B75A72254D86 /* Frameworks */,
			);
			sourceTree = "<group>";
		};
		2670353F22577A63008952A5 /* Products */ = {
			isa = PBXGroup;
			children = (
				2670353E22577A63008952A5 /* Lady Sharm.app */,
			);
			name = Products;
			sourceTree = "<group>";
		};
		2670354022577A63008952A5 /* Lady Sharm */ = {
			isa = PBXGroup;
			children = (
				26BAD019228DB246001FDCC4 /* Helpers */,
				2614F18B226CB00400A0EC36 /* Extentions */,
				262C9EBB2257A0B6007CBBAA /* View */,
				2670355E22578115008952A5 /* Controllers */,
				2670355922577B5C008952A5 /* Model */,
				262C9EBC2258129F007CBBAA /* Sounds */,
				2679DCBE225B78C90080BA26 /* Fonts */,
				2670354122577A63008952A5 /* AppDelegate.swift */,
				2670354522577A63008952A5 /* Main.storyboard */,
				26CC9FAF226DA8E900CAD4C5 /* Tutorial.storyboard */,
				2611C71F22705DB80084EBCC /* Store.storyboard */,
				2670354B22577A65008952A5 /* Assets.xcassets */,
				2670354D22577A65008952A5 /* LaunchScreen.storyboard */,
				2670355022577A65008952A5 /* Info.plist */,
				2670354822577A64008952A5 /* Lady_Sharm.xcdatamodeld */,
			);
			path = "Lady Sharm";
			sourceTree = "<group>";
		};
		2670355922577B5C008952A5 /* Model */ = {
			isa = PBXGroup;
			children = (
				26BAD020228DB830001FDCC4 /* Product.swift */,
				266092F82271AB6500FC1571 /* ShopMenu.swift */,
				2614F187226C650E00A0EC36 /* BasedTutorialViewController.swift */,
				2670355722577AE5008952A5 /* Card.swift */,
				26B1AB7B2270AA1600628781 /* Shop.swift */,
				26B1AB7D2270AB4000628781 /* Thems.swift */,
				2670355C22578090008952A5 /* CardModel.swift */,
				2670356D22578808008952A5 /* AudioPlayer.swift */,
				262C9EB722578BAC007CBBAA /* AudioSettings.swift */,
				26E9FCD12271DF6D00889A8A /* ByuingSettings.swift */,
				2688233D225A26BF00D29FA9 /* Scores.swift */,
			);
			path = Model;
			sourceTree = "<group>";
		};
		2670355E22578115008952A5 /* Controllers */ = {
			isa = PBXGroup;
			children = (
				26388223228ED37100CEF517 /* Store */,
				2670354322577A63008952A5 /* ViewController.swift */,
				2670355F22578135008952A5 /* SettingsViewController.swift */,
				267035612257814E008952A5 /* GameLevelViewController.swift */,
				2670356322578178008952A5 /* GameSceneViewController.swift */,
				267035652257818D008952A5 /* EndGameViewController.swift */,
				26703567225781A5008952A5 /* PrivacyViewController.swift */,
				2602C321226C59B400675467 /* FirstTutorialViewController.swift */,
				2602C323226C5A3300675467 /* SecondTutorialViewController.swift */,
				2614F189226C6B1500A0EC36 /* ThirdTutorialViewController.swift */,
			);
			path = Controllers;
			sourceTree = "<group>";
		};
		2679DCBE225B78C90080BA26 /* Fonts */ = {
			isa = PBXGroup;
			children = (
				2679DCC0225B79280080BA26 /* Roboto-Bold.ttf */,
				2679DCC1225B79280080BA26 /* Roboto-Italic.ttf */,
				2679DCC2225B79280080BA26 /* Roboto-Light.ttf */,
				2679DCC9225B7A900080BA26 /* Roboto-Regular.ttf */,
				2679DCC3225B79280080BA26 /* Roboto-Medium.ttf */,
				2679DCBF225B79280080BA26 /* Roboto-Thin.ttf */,
			);
			path = Fonts;
			sourceTree = "<group>";
		};
		26BAD019228DB246001FDCC4 /* Helpers */ = {
			isa = PBXGroup;
			children = (
				26BAD01C228DB3B1001FDCC4 /* CardStyleSingleton.swift */,
				26388228228EE7BD00CEF517 /* ThemeStyleSingleton.swift */,
				26BAD022228DBF2D001FDCC4 /* ProductProvider.swift */,
				26BAD01A228DB26F001FDCC4 /* StoreManager.swift */,
			);
			path = Helpers;
			sourceTree = "<group>";
		};
		50459C1D2CE7B75A72254D86 /* Frameworks */ = {
			isa = PBXGroup;
			children = (
				E720BAC0A4FBF67998243BA6 /* Pods_Lady_Sharm.framework */,
			);
			name = Frameworks;
			sourceTree = "<group>";
		};
		80086FF7A28DD0E567A4AA1A /* Pods */ = {
			isa = PBXGroup;
			children = (
				FCBA2D9DE234FB3272946625 /* Pods-Lady Sharm.debug.xcconfig */,
				192728356E98B8251E18D050 /* Pods-Lady Sharm.release.xcconfig */,
			);
			name = Pods;
			sourceTree = "<group>";
		};
/* End PBXGroup section */

/* Begin PBXNativeTarget section */
		2670353D22577A63008952A5 /* Lady Sharm */ = {
			isa = PBXNativeTarget;
			buildConfigurationList = 2670355322577A65008952A5 /* Build configuration list for PBXNativeTarget "Lady Sharm" */;
			buildPhases = (
				F249F6D686BB92A6C24835C0 /* [CP] Check Pods Manifest.lock */,
				2670353A22577A63008952A5 /* Sources */,
				2670353B22577A63008952A5 /* Frameworks */,
				2670353C22577A63008952A5 /* Resources */,
				F2B3908BAB9E044319D71807 /* [CP] Embed Pods Frameworks */,
			);
			buildRules = (
			);
			dependencies = (
			);
			name = "Lady Sharm";
			productName = "Lady Sharm";
			productReference = 2670353E22577A63008952A5 /* Lady Sharm.app */;
			productType = "com.apple.product-type.application";
		};
/* End PBXNativeTarget section */

/* Begin PBXProject section */
		2670353622577A63008952A5 /* Project object */ = {
			isa = PBXProject;
			attributes = {
				LastSwiftUpdateCheck = 1020;
				LastUpgradeCheck = 1020;
				ORGANIZATIONNAME = "Eduard Sinyakov";
				TargetAttributes = {
					2670353D22577A63008952A5 = {
						CreatedOnToolsVersion = 10.2;
					};
				};
			};
			buildConfigurationList = 2670353922577A63008952A5 /* Build configuration list for PBXProject "Lady Sharm" */;
			compatibilityVersion = "Xcode 9.3";
			developmentRegion = en;
			hasScannedForEncodings = 0;
			knownRegions = (
				en,
				Base,
			);
			mainGroup = 2670353522577A63008952A5;
			productRefGroup = 2670353F22577A63008952A5 /* Products */;
			projectDirPath = "";
			projectRoot = "";
			targets = (
				2670353D22577A63008952A5 /* Lady Sharm */,
			);
		};
/* End PBXProject section */

/* Begin PBXResourcesBuildPhase section */
		2670353C22577A63008952A5 /* Resources */ = {
			isa = PBXResourcesBuildPhase;
			buildActionMask = 2147483647;
			files = (
				2679DCC8225B79280080BA26 /* Roboto-Medium.ttf in Resources */,
				265815AD2292B1E300609BA4 /* Mush.wav in Resources */,
				26406ECE22897C5D0044E2FC /* Mush.wav in Resources */,
				2670354F22577A65008952A5 /* LaunchScreen.storyboard in Resources */,
				2679DCC7225B79280080BA26 /* Roboto-Light.ttf in Resources */,
				2611C72022705DB80084EBCC /* Store.storyboard in Resources */,
				2679DCC5225B79280080BA26 /* Roboto-Bold.ttf in Resources */,
				262C9EC3225812C6007CBBAA /* dingwrong.wav in Resources */,
				262C9EC1225812C6007CBBAA /* dingcorrect.wav in Resources */,
				262C9EC4225812C6007CBBAA /* shuffle.wav in Resources */,
				2679DCCA225B7A900080BA26 /* Roboto-Regular.ttf in Resources */,
				2670354C22577A65008952A5 /* Assets.xcassets in Resources */,
				26CC9FB0226DA8E900CAD4C5 /* Tutorial.storyboard in Resources */,
				2670354722577A63008952A5 /* Main.storyboard in Resources */,
				262C9EC2225812C6007CBBAA /* cardflip.wav in Resources */,
				2679DCC6225B79280080BA26 /* Roboto-Italic.ttf in Resources */,
				2679DCC4225B79280080BA26 /* Roboto-Thin.ttf in Resources */,
			);
			runOnlyForDeploymentPostprocessing = 0;
		};
/* End PBXResourcesBuildPhase section */

/* Begin PBXShellScriptBuildPhase section */
		F249F6D686BB92A6C24835C0 /* [CP] Check Pods Manifest.lock */ = {
			isa = PBXShellScriptBuildPhase;
			buildActionMask = 2147483647;
			files = (
			);
			inputFileListPaths = (
			);
			inputPaths = (
				"${PODS_PODFILE_DIR_PATH}/Podfile.lock",
				"${PODS_ROOT}/Manifest.lock",
			);
			name = "[CP] Check Pods Manifest.lock";
			outputFileListPaths = (
			);
			outputPaths = (
				"$(DERIVED_FILE_DIR)/Pods-Lady Sharm-checkManifestLockResult.txt",
			);
			runOnlyForDeploymentPostprocessing = 0;
			shellPath = /bin/sh;
			shellScript = "diff \"${PODS_PODFILE_DIR_PATH}/Podfile.lock\" \"${PODS_ROOT}/Manifest.lock\" > /dev/null\nif [ $? != 0 ] ; then\n    # print error to STDERR\n    echo \"error: The sandbox is not in sync with the Podfile.lock. Run 'pod install' or update your CocoaPods installation.\" >&2\n    exit 1\nfi\n# This output is used by Xcode 'outputs' to avoid re-running this script phase.\necho \"SUCCESS\" > \"${SCRIPT_OUTPUT_FILE_0}\"\n";
			showEnvVarsInLog = 0;
		};
		F2B3908BAB9E044319D71807 /* [CP] Embed Pods Frameworks */ = {
			isa = PBXShellScriptBuildPhase;
			buildActionMask = 2147483647;
			files = (
			);
			inputFileListPaths = (
			);
			inputPaths = (
				"${SRCROOT}/Pods/Target Support Files/Pods-Lady Sharm/Pods-Lady Sharm-frameworks.sh",
				"${BUILT_PRODUCTS_DIR}/Bolts/Bolts.framework",
				"${BUILT_PRODUCTS_DIR}/FBSDKCoreKit/FBSDKCoreKit.framework",
				"${BUILT_PRODUCTS_DIR}/FBSDKLoginKit/FBSDKLoginKit.framework",
			);
			name = "[CP] Embed Pods Frameworks";
			outputFileListPaths = (
			);
			outputPaths = (
				"${TARGET_BUILD_DIR}/${FRAMEWORKS_FOLDER_PATH}/Bolts.framework",
				"${TARGET_BUILD_DIR}/${FRAMEWORKS_FOLDER_PATH}/FBSDKCoreKit.framework",
				"${TARGET_BUILD_DIR}/${FRAMEWORKS_FOLDER_PATH}/FBSDKLoginKit.framework",
			);
			runOnlyForDeploymentPostprocessing = 0;
			shellPath = /bin/sh;
			shellScript = "\"${SRCROOT}/Pods/Target Support Files/Pods-Lady Sharm/Pods-Lady Sharm-frameworks.sh\"\n";
			showEnvVarsInLog = 0;
		};
/* End PBXShellScriptBuildPhase section */

/* Begin PBXSourcesBuildPhase section */
		2670353A22577A63008952A5 /* Sources */ = {
			isa = PBXSourcesBuildPhase;
			buildActionMask = 2147483647;
			files = (
				266092F92271AB6500FC1571 /* ShopMenu.swift in Sources */,
				2611C71B22705B310084EBCC /* StoreViewController.swift in Sources */,
				267035622257814E008952A5 /* GameLevelViewController.swift in Sources */,
				2670354422577A63008952A5 /* ViewController.swift in Sources */,
				2670354A22577A64008952A5 /* Lady_Sharm.xcdatamodeld in Sources */,
				2670356022578135008952A5 /* SettingsViewController.swift in Sources */,
				2670354222577A63008952A5 /* AppDelegate.swift in Sources */,
				2602C322226C59B400675467 /* FirstTutorialViewController.swift in Sources */,
				2611C722227064300084EBCC /* StoreCollectionViewCell.swift in Sources */,
				2614F18D226CB02C00A0EC36 /* UIButtonExtention.swift in Sources */,
				26E9FCD22271DF6D00889A8A /* ByuingSettings.swift in Sources */,
				26388229228EE7BD00CEF517 /* ThemeStyleSingleton.swift in Sources */,
				2670355822577AE5008952A5 /* Card.swift in Sources */,
				2614F188226C650E00A0EC36 /* BasedTutorialViewController.swift in Sources */,
				262C9EB822578BAC007CBBAA /* AudioSettings.swift in Sources */,
				2614F18A226C6B1500A0EC36 /* ThirdTutorialViewController.swift in Sources */,
				26BAD021228DB830001FDCC4 /* Product.swift in Sources */,
				2670355D22578090008952A5 /* CardModel.swift in Sources */,
				26BAD01D228DB3B1001FDCC4 /* CardStyleSingleton.swift in Sources */,
				2602C324226C5A3300675467 /* SecondTutorialViewController.swift in Sources */,
				26B1AB7E2270AB4000628781 /* Thems.swift in Sources */,
				26388225228EDBB100CEF517 /* SecondVCStoreCell.swift in Sources */,
				262C9EBA2257A0AC007CBBAA /* CellCollectionViewCell.swift in Sources */,
				26703568225781A5008952A5 /* PrivacyViewController.swift in Sources */,
				26388222228ED31700CEF517 /* StoreSecondVC.swift in Sources */,
				2688233E225A26BF00D29FA9 /* Scores.swift in Sources */,
				26BAD023228DBF2D001FDCC4 /* ProductProvider.swift in Sources */,
				26BAD01B228DB26F001FDCC4 /* StoreManager.swift in Sources */,
				2670356422578178008952A5 /* GameSceneViewController.swift in Sources */,
				267035662257818D008952A5 /* EndGameViewController.swift in Sources */,
				26B1AB7C2270AA1600628781 /* Shop.swift in Sources */,
				2670356E22578808008952A5 /* AudioPlayer.swift in Sources */,
			);
			runOnlyForDeploymentPostprocessing = 0;
		};
/* End PBXSourcesBuildPhase section */

/* Begin PBXVariantGroup section */
		2670354522577A63008952A5 /* Main.storyboard */ = {
			isa = PBXVariantGroup;
			children = (
				2670354622577A63008952A5 /* Base */,
			);
			name = Main.storyboard;
			sourceTree = "<group>";
		};
		2670354D22577A65008952A5 /* LaunchScreen.storyboard */ = {
			isa = PBXVariantGroup;
			children = (
				2670354E22577A65008952A5 /* Base */,
			);
			name = LaunchScreen.storyboard;
			sourceTree = "<group>";
		};
/* End PBXVariantGroup section */

/* Begin XCBuildConfiguration section */
		2670355122577A65008952A5 /* Debug */ = {
			isa = XCBuildConfiguration;
			buildSettings = {
				ALWAYS_SEARCH_USER_PATHS = NO;
				CLANG_ANALYZER_NONNULL = YES;
				CLANG_ANALYZER_NUMBER_OBJECT_CONVERSION = YES_AGGRESSIVE;
				CLANG_CXX_LANGUAGE_STANDARD = "gnu++14";
				CLANG_CXX_LIBRARY = "libc++";
				CLANG_ENABLE_MODULES = YES;
				CLANG_ENABLE_OBJC_ARC = YES;
				CLANG_ENABLE_OBJC_WEAK = YES;
				CLANG_WARN_BLOCK_CAPTURE_AUTORELEASING = YES;
				CLANG_WARN_BOOL_CONVERSION = YES;
				CLANG_WARN_COMMA = YES;
				CLANG_WARN_CONSTANT_CONVERSION = YES;
				CLANG_WARN_DEPRECATED_OBJC_IMPLEMENTATIONS = YES;
				CLANG_WARN_DIRECT_OBJC_ISA_USAGE = YES_ERROR;
				CLANG_WARN_DOCUMENTATION_COMMENTS = YES;
				CLANG_WARN_EMPTY_BODY = YES;
				CLANG_WARN_ENUM_CONVERSION = YES;
				CLANG_WARN_INFINITE_RECURSION = YES;
				CLANG_WARN_INT_CONVERSION = YES;
				CLANG_WARN_NON_LITERAL_NULL_CONVERSION = YES;
				CLANG_WARN_OBJC_IMPLICIT_RETAIN_SELF = YES;
				CLANG_WARN_OBJC_LITERAL_CONVERSION = YES;
				CLANG_WARN_OBJC_ROOT_CLASS = YES_ERROR;
				CLANG_WARN_RANGE_LOOP_ANALYSIS = YES;
				CLANG_WARN_STRICT_PROTOTYPES = YES;
				CLANG_WARN_SUSPICIOUS_MOVE = YES;
				CLANG_WARN_UNGUARDED_AVAILABILITY = YES_AGGRESSIVE;
				CLANG_WARN_UNREACHABLE_CODE = YES;
				CLANG_WARN__DUPLICATE_METHOD_MATCH = YES;
				CODE_SIGN_IDENTITY = "iPhone Developer";
				COPY_PHASE_STRIP = NO;
				DEBUG_INFORMATION_FORMAT = dwarf;
				ENABLE_STRICT_OBJC_MSGSEND = YES;
				ENABLE_TESTABILITY = YES;
				GCC_C_LANGUAGE_STANDARD = gnu11;
				GCC_DYNAMIC_NO_PIC = NO;
				GCC_NO_COMMON_BLOCKS = YES;
				GCC_OPTIMIZATION_LEVEL = 0;
				GCC_PREPROCESSOR_DEFINITIONS = (
					"DEBUG=1",
					"$(inherited)",
				);
				GCC_WARN_64_TO_32_BIT_CONVERSION = YES;
				GCC_WARN_ABOUT_RETURN_TYPE = YES_ERROR;
				GCC_WARN_UNDECLARED_SELECTOR = YES;
				GCC_WARN_UNINITIALIZED_AUTOS = YES_AGGRESSIVE;
				GCC_WARN_UNUSED_FUNCTION = YES;
				GCC_WARN_UNUSED_VARIABLE = YES;
				IPHONEOS_DEPLOYMENT_TARGET = 12.2;
				MTL_ENABLE_DEBUG_INFO = INCLUDE_SOURCE;
				MTL_FAST_MATH = YES;
				ONLY_ACTIVE_ARCH = YES;
				SDKROOT = iphoneos;
				SWIFT_ACTIVE_COMPILATION_CONDITIONS = DEBUG;
				SWIFT_OPTIMIZATION_LEVEL = "-Onone";
			};
			name = Debug;
		};
		2670355222577A65008952A5 /* Release */ = {
			isa = XCBuildConfiguration;
			buildSettings = {
				ALWAYS_SEARCH_USER_PATHS = NO;
				CLANG_ANALYZER_NONNULL = YES;
				CLANG_ANALYZER_NUMBER_OBJECT_CONVERSION = YES_AGGRESSIVE;
				CLANG_CXX_LANGUAGE_STANDARD = "gnu++14";
				CLANG_CXX_LIBRARY = "libc++";
				CLANG_ENABLE_MODULES = YES;
				CLANG_ENABLE_OBJC_ARC = YES;
				CLANG_ENABLE_OBJC_WEAK = YES;
				CLANG_WARN_BLOCK_CAPTURE_AUTORELEASING = YES;
				CLANG_WARN_BOOL_CONVERSION = YES;
				CLANG_WARN_COMMA = YES;
				CLANG_WARN_CONSTANT_CONVERSION = YES;
				CLANG_WARN_DEPRECATED_OBJC_IMPLEMENTATIONS = YES;
				CLANG_WARN_DIRECT_OBJC_ISA_USAGE = YES_ERROR;
				CLANG_WARN_DOCUMENTATION_COMMENTS = YES;
				CLANG_WARN_EMPTY_BODY = YES;
				CLANG_WARN_ENUM_CONVERSION = YES;
				CLANG_WARN_INFINITE_RECURSION = YES;
				CLANG_WARN_INT_CONVERSION = YES;
				CLANG_WARN_NON_LITERAL_NULL_CONVERSION = YES;
				CLANG_WARN_OBJC_IMPLICIT_RETAIN_SELF = YES;
				CLANG_WARN_OBJC_LITERAL_CONVERSION = YES;
				CLANG_WARN_OBJC_ROOT_CLASS = YES_ERROR;
				CLANG_WARN_RANGE_LOOP_ANALYSIS = YES;
				CLANG_WARN_STRICT_PROTOTYPES = YES;
				CLANG_WARN_SUSPICIOUS_MOVE = YES;
				CLANG_WARN_UNGUARDED_AVAILABILITY = YES_AGGRESSIVE;
				CLANG_WARN_UNREACHABLE_CODE = YES;
				CLANG_WARN__DUPLICATE_METHOD_MATCH = YES;
				CODE_SIGN_IDENTITY = "iPhone Developer";
				COPY_PHASE_STRIP = NO;
				DEBUG_INFORMATION_FORMAT = "dwarf-with-dsym";
				ENABLE_NS_ASSERTIONS = NO;
				ENABLE_STRICT_OBJC_MSGSEND = YES;
				GCC_C_LANGUAGE_STANDARD = gnu11;
				GCC_NO_COMMON_BLOCKS = YES;
				GCC_WARN_64_TO_32_BIT_CONVERSION = YES;
				GCC_WARN_ABOUT_RETURN_TYPE = YES_ERROR;
				GCC_WARN_UNDECLARED_SELECTOR = YES;
				GCC_WARN_UNINITIALIZED_AUTOS = YES_AGGRESSIVE;
				GCC_WARN_UNUSED_FUNCTION = YES;
				GCC_WARN_UNUSED_VARIABLE = YES;
				IPHONEOS_DEPLOYMENT_TARGET = 12.2;
				MTL_ENABLE_DEBUG_INFO = NO;
				MTL_FAST_MATH = YES;
				SDKROOT = iphoneos;
				SWIFT_COMPILATION_MODE = wholemodule;
				SWIFT_OPTIMIZATION_LEVEL = "-O";
				VALIDATE_PRODUCT = YES;
			};
			name = Release;
		};
		2670355422577A65008952A5 /* Debug */ = {
			isa = XCBuildConfiguration;
			baseConfigurationReference = FCBA2D9DE234FB3272946625 /* Pods-Lady Sharm.debug.xcconfig */;
			buildSettings = {
				ASSETCATALOG_COMPILER_APPICON_NAME = AppIcon;
				CODE_SIGN_STYLE = Automatic;
				DEVELOPMENT_TEAM = 35U3SKBK64;
				INFOPLIST_FILE = "Lady Sharm/Info.plist";
				IPHONEOS_DEPLOYMENT_TARGET = 11.0;
				LD_RUNPATH_SEARCH_PATHS = (
					"$(inherited)",
					"@executable_path/Frameworks",
				);
				PRODUCT_BUNDLE_IDENTIFIER = "Eduard-Sinyakov.Lady-Sharm";
				PRODUCT_NAME = "$(TARGET_NAME)";
				SWIFT_VERSION = 5.0;
				TARGETED_DEVICE_FAMILY = "1,2";
			};
			name = Debug;
		};
		2670355522577A65008952A5 /* Release */ = {
			isa = XCBuildConfiguration;
			baseConfigurationReference = 192728356E98B8251E18D050 /* Pods-Lady Sharm.release.xcconfig */;
			buildSettings = {
				ASSETCATALOG_COMPILER_APPICON_NAME = AppIcon;
				CODE_SIGN_STYLE = Automatic;
				DEVELOPMENT_TEAM = 35U3SKBK64;
				INFOPLIST_FILE = "Lady Sharm/Info.plist";
				IPHONEOS_DEPLOYMENT_TARGET = 11.0;
				LD_RUNPATH_SEARCH_PATHS = (
					"$(inherited)",
					"@executable_path/Frameworks",
				);
				PRODUCT_BUNDLE_IDENTIFIER = "Eduard-Sinyakov.Lady-Sharm";
				PRODUCT_NAME = "$(TARGET_NAME)";
				SWIFT_VERSION = 5.0;
				TARGETED_DEVICE_FAMILY = "1,2";
			};
			name = Release;
		};
/* End XCBuildConfiguration section */

/* Begin XCConfigurationList section */
		2670353922577A63008952A5 /* Build configuration list for PBXProject "Lady Sharm" */ = {
			isa = XCConfigurationList;
			buildConfigurations = (
				2670355122577A65008952A5 /* Debug */,
				2670355222577A65008952A5 /* Release */,
			);
			defaultConfigurationIsVisible = 0;
			defaultConfigurationName = Release;
		};
		2670355322577A65008952A5 /* Build configuration list for PBXNativeTarget "Lady Sharm" */ = {
			isa = XCConfigurationList;
			buildConfigurations = (
				2670355422577A65008952A5 /* Debug */,
				2670355522577A65008952A5 /* Release */,
			);
			defaultConfigurationIsVisible = 0;
			defaultConfigurationName = Release;
		};
/* End XCConfigurationList section */

/* Begin XCVersionGroup section */
		2670354822577A64008952A5 /* Lady_Sharm.xcdatamodeld */ = {
			isa = XCVersionGroup;
			children = (
				2670354922577A64008952A5 /* Lady_Sharm.xcdatamodel */,
			);
			currentVersion = 2670354922577A64008952A5 /* Lady_Sharm.xcdatamodel */;
			path = Lady_Sharm.xcdatamodeld;
			sourceTree = "<group>";
			versionGroupType = wrapper.xcdatamodel;
		};
/* End XCVersionGroup section */
	};
	rootObject = 2670353622577A63008952A5 /* Project object */;
}
