// !$*UTF8*$!
{
	archiveVersion = 1;
	classes = {
	};
	objectVersion = 50;
	objects = {

/* Begin PBXBuildFile section */
		262C9EB822578BAC007CBBAA /* AudioSettings.swift in Sources */ = {isa = PBXBuildFile; fileRef = 262C9EB722578BAC007CBBAA /* AudioSettings.swift */; };
		262C9EBA2257A0AC007CBBAA /* CellCollectionViewCell.swift in Sources */ = {isa = PBXBuildFile; fileRef = 262C9EB92257A0AC007CBBAA /* CellCollectionViewCell.swift */; };
		262C9EC1225812C6007CBBAA /* dingcorrect.wav in Resources */ = {isa = PBXBuildFile; fileRef = 262C9EBD225812C6007CBBAA /* dingcorrect.wav */; };
		262C9EC2225812C6007CBBAA /* cardflip.wav in Resources */ = {isa = PBXBuildFile; fileRef = 262C9EBE225812C6007CBBAA /* cardflip.wav */; };
		262C9EC3225812C6007CBBAA /* dingwrong.wav in Resources */ = {isa = PBXBuildFile; fileRef = 262C9EBF225812C6007CBBAA /* dingwrong.wav */; };
		262C9EC4225812C6007CBBAA /* shuffle.wav in Resources */ = {isa = PBXBuildFile; fileRef = 262C9EC0225812C6007CBBAA /* shuffle.wav */; };
		2670354222577A63008952A5 /* AppDelegate.swift in Sources */ = {isa = PBXBuildFile; fileRef = 2670354122577A63008952A5 /* AppDelegate.swift */; };
		2670354422577A63008952A5 /* ViewController.swift in Sources */ = {isa = PBXBuildFile; fileRef = 2670354322577A63008952A5 /* ViewController.swift */; };
		2670354722577A63008952A5 /* Main.storyboard in Resources */ = {isa = PBXBuildFile; fileRef = 2670354522577A63008952A5 /* Main.storyboard */; };
		2670354A22577A64008952A5 /* Lady_Sharm.xcdatamodeld in Sources */ = {isa = PBXBuildFile; fileRef = 2670354822577A64008952A5 /* Lady_Sharm.xcdatamodeld */; };
		2670354C22577A65008952A5 /* Assets.xcassets in Resources */ = {isa = PBXBuildFile; fileRef = 2670354B22577A65008952A5 /* Assets.xcassets */; };
		2670354F22577A65008952A5 /* LaunchScreen.storyboard in Resources */ = {isa = PBXBuildFile; fileRef = 2670354D22577A65008952A5 /* LaunchScreen.storyboard */; };
		2670355822577AE5008952A5 /* Card.swift in Sources */ = {isa = PBXBuildFile; fileRef = 2670355722577AE5008952A5 /* Card.swift */; };
		2670355D22578090008952A5 /* CardModel.swift in Sources */ = {isa = PBXBuildFile; fileRef = 2670355C22578090008952A5 /* CardModel.swift */; };
		2670356022578135008952A5 /* SettingsViewController.swift in Sources */ = {isa = PBXBuildFile; fileRef = 2670355F22578135008952A5 /* SettingsViewController.swift */; };
		267035622257814E008952A5 /* GameLevelViewController.swift in Sources */ = {isa = PBXBuildFile; fileRef = 267035612257814E008952A5 /* GameLevelViewController.swift */; };
		2670356422578178008952A5 /* GameSceneViewController.swift in Sources */ = {isa = PBXBuildFile; fileRef = 2670356322578178008952A5 /* GameSceneViewController.swift */; };
		267035662257818D008952A5 /* EndGameViewController.swift in Sources */ = {isa = PBXBuildFile; fileRef = 267035652257818D008952A5 /* EndGameViewController.swift */; };
		26703568225781A5008952A5 /* PrivacyViewController.swift in Sources */ = {isa = PBXBuildFile; fileRef = 26703567225781A5008952A5 /* PrivacyViewController.swift */; };
		2670356E22578808008952A5 /* AudioPlayer.swift in Sources */ = {isa = PBXBuildFile; fileRef = 2670356D22578808008952A5 /* AudioPlayer.swift */; };
		2679DCBD225B4D040080BA26 /* Mush.wav in Resources */ = {isa = PBXBuildFile; fileRef = 2679DCBC225B4D040080BA26 /* Mush.wav */; };
		2679DCC4225B79280080BA26 /* Roboto-Thin.ttf in Resources */ = {isa = PBXBuildFile; fileRef = 2679DCBF225B79280080BA26 /* Roboto-Thin.ttf */; };
		2679DCC5225B79280080BA26 /* Roboto-Bold.ttf in Resources */ = {isa = PBXBuildFile; fileRef = 2679DCC0225B79280080BA26 /* Roboto-Bold.ttf */; };
		2679DCC6225B79280080BA26 /* Roboto-Italic.ttf in Resources */ = {isa = PBXBuildFile; fileRef = 2679DCC1225B79280080BA26 /* Roboto-Italic.ttf */; };
		2679DCC7225B79280080BA26 /* Roboto-Light.ttf in Resources */ = {isa = PBXBuildFile; fileRef = 2679DCC2225B79280080BA26 /* Roboto-Light.ttf */; };
		2679DCC8225B79280080BA26 /* Roboto-Medium.ttf in Resources */ = {isa = PBXBuildFile; fileRef = 2679DCC3225B79280080BA26 /* Roboto-Medium.ttf */; };
		2679DCCA225B7A900080BA26 /* Roboto-Regular.ttf in Resources */ = {isa = PBXBuildFile; fileRef = 2679DCC9225B7A900080BA26 /* Roboto-Regular.ttf */; };
		2688233E225A26BF00D29FA9 /* Scores.swift in Sources */ = {isa = PBXBuildFile; fileRef = 2688233D225A26BF00D29FA9 /* Scores.swift */; };
/* End PBXBuildFile section */

/* Begin PBXFileReference section */
		262C9EB722578BAC007CBBAA /* AudioSettings.swift */ = {isa = PBXFileReference; lastKnownFileType = sourcecode.swift; path = AudioSettings.swift; sourceTree = "<group>"; };
		262C9EB92257A0AC007CBBAA /* CellCollectionViewCell.swift */ = {isa = PBXFileReference; lastKnownFileType = sourcecode.swift; path = CellCollectionViewCell.swift; sourceTree = "<group>"; };
		262C9EBD225812C6007CBBAA /* dingcorrect.wav */ = {isa = PBXFileReference; lastKnownFileType = audio.wav; path = dingcorrect.wav; sourceTree = "<group>"; };
		262C9EBE225812C6007CBBAA /* cardflip.wav */ = {isa = PBXFileReference; lastKnownFileType = audio.wav; path = cardflip.wav; sourceTree = "<group>"; };
		262C9EBF225812C6007CBBAA /* dingwrong.wav */ = {isa = PBXFileReference; lastKnownFileType = audio.wav; path = dingwrong.wav; sourceTree = "<group>"; };
		262C9EC0225812C6007CBBAA /* shuffle.wav */ = {isa = PBXFileReference; lastKnownFileType = audio.wav; path = shuffle.wav; sourceTree = "<group>"; };
		2670353E22577A63008952A5 /* Lady Sharm.app */ = {isa = PBXFileReference; explicitFileType = wrapper.application; includeInIndex = 0; path = "Lady Sharm.app"; sourceTree = BUILT_PRODUCTS_DIR; };
		2670354122577A63008952A5 /* AppDelegate.swift */ = {isa = PBXFileReference; lastKnownFileType = sourcecode.swift; path = AppDelegate.swift; sourceTree = "<group>"; };
		2670354322577A63008952A5 /* ViewController.swift */ = {isa = PBXFileReference; lastKnownFileType = sourcecode.swift; path = ViewController.swift; sourceTree = "<group>"; };
		2670354622577A63008952A5 /* Base */ = {isa = PBXFileReference; lastKnownFileType = file.storyboard; name = Base; path = Base.lproj/Main.storyboard; sourceTree = "<group>"; };
		2670354922577A64008952A5 /* Lady_Sharm.xcdatamodel */ = {isa = PBXFileReference; lastKnownFileType = wrapper.xcdatamodel; path = Lady_Sharm.xcdatamodel; sourceTree = "<group>"; };
		2670354B22577A65008952A5 /* Assets.xcassets */ = {isa = PBXFileReference; lastKnownFileType = folder.assetcatalog; path = Assets.xcassets; sourceTree = "<group>"; };
		2670354E22577A65008952A5 /* Base */ = {isa = PBXFileReference; lastKnownFileType = file.storyboard; name = Base; path = Base.lproj/LaunchScreen.storyboard; sourceTree = "<group>"; };
		2670355022577A65008952A5 /* Info.plist */ = {isa = PBXFileReference; lastKnownFileType = text.plist.xml; path = Info.plist; sourceTree = "<group>"; };
		2670355722577AE5008952A5 /* Card.swift */ = {isa = PBXFileReference; lastKnownFileType = sourcecode.swift; path = Card.swift; sourceTree = "<group>"; };
		2670355C22578090008952A5 /* CardModel.swift */ = {isa = PBXFileReference; lastKnownFileType = sourcecode.swift; path = CardModel.swift; sourceTree = "<group>"; };
		2670355F22578135008952A5 /* SettingsViewController.swift */ = {isa = PBXFileReference; lastKnownFileType = sourcecode.swift; path = SettingsViewController.swift; sourceTree = "<group>"; };
		267035612257814E008952A5 /* GameLevelViewController.swift */ = {isa = PBXFileReference; lastKnownFileType = sourcecode.swift; path = GameLevelViewController.swift; sourceTree = "<group>"; };
		2670356322578178008952A5 /* GameSceneViewController.swift */ = {isa = PBXFileReference; lastKnownFileType = sourcecode.swift; path = GameSceneViewController.swift; sourceTree = "<group>"; };
		267035652257818D008952A5 /* EndGameViewController.swift */ = {isa = PBXFileReference; lastKnownFileType = sourcecode.swift; path = EndGameViewController.swift; sourceTree = "<group>"; };
		26703567225781A5008952A5 /* PrivacyViewController.swift */ = {isa = PBXFileReference; lastKnownFileType = sourcecode.swift; path = PrivacyViewController.swift; sourceTree = "<group>"; };
		2670356D22578808008952A5 /* AudioPlayer.swift */ = {isa = PBXFileReference; lastKnownFileType = sourcecode.swift; path = AudioPlayer.swift; sourceTree = "<group>"; };
		2679DCBC225B4D040080BA26 /* Mush.wav */ = {isa = PBXFileReference; lastKnownFileType = audio.wav; path = Mush.wav; sourceTree = "<group>"; };
		2679DCBF225B79280080BA26 /* Roboto-Thin.ttf */ = {isa = PBXFileReference; lastKnownFileType = file; path = "Roboto-Thin.ttf"; sourceTree = "<group>"; };
		2679DCC0225B79280080BA26 /* Roboto-Bold.ttf */ = {isa = PBXFileReference; lastKnownFileType = file; path = "Roboto-Bold.ttf"; sourceTree = "<group>"; };
		2679DCC1225B79280080BA26 /* Roboto-Italic.ttf */ = {isa = PBXFileReference; lastKnownFileType = file; path = "Roboto-Italic.ttf"; sourceTree = "<group>"; };
		2679DCC2225B79280080BA26 /* Roboto-Light.ttf */ = {isa = PBXFileReference; lastKnownFileType = file; path = "Roboto-Light.ttf"; sourceTree = "<group>"; };
		2679DCC3225B79280080BA26 /* Roboto-Medium.ttf */ = {isa = PBXFileReference; lastKnownFileType = file; path = "Roboto-Medium.ttf"; sourceTree = "<group>"; };
		2679DCC9225B7A900080BA26 /* Roboto-Regular.ttf */ = {isa = PBXFileReference; lastKnownFileType = file; path = "Roboto-Regular.ttf"; sourceTree = "<group>"; };
		2688233D225A26BF00D29FA9 /* Scores.swift */ = {isa = PBXFileReference; lastKnownFileType = sourcecode.swift; path = Scores.swift; sourceTree = "<group>"; };
/* End PBXFileReference section */

/* Begin PBXFrameworksBuildPhase section */
		2670353B22577A63008952A5 /* Frameworks */ = {
			isa = PBXFrameworksBuildPhase;
			buildActionMask = 2147483647;
			files = (
			);
			runOnlyForDeploymentPostprocessing = 0;
		};
/* End PBXFrameworksBuildPhase section */

/* Begin PBXGroup section */
		262C9EBB2257A0B6007CBBAA /* View */ = {
			isa = PBXGroup;
			children = (
				262C9EB92257A0AC007CBBAA /* CellCollectionViewCell.swift */,
			);
			path = View;
			sourceTree = "<group>";
		};
		262C9EBC2258129F007CBBAA /* Sounds */ = {
			isa = PBXGroup;
			children = (
				2679DCBC225B4D040080BA26 /* Mush.wav */,
				262C9EBE225812C6007CBBAA /* cardflip.wav */,
				262C9EBD225812C6007CBBAA /* dingcorrect.wav */,
				262C9EBF225812C6007CBBAA /* dingwrong.wav */,
				262C9EC0225812C6007CBBAA /* shuffle.wav */,
			);
			path = Sounds;
			sourceTree = "<group>";
		};
		2670353522577A63008952A5 = {
			isa = PBXGroup;
			children = (
				2670354022577A63008952A5 /* Lady Sharm */,
				2670353F22577A63008952A5 /* Products */,
			);
			sourceTree = "<group>";
		};
		2670353F22577A63008952A5 /* Products */ = {
			isa = PBXGroup;
			children = (
				2670353E22577A63008952A5 /* Lady Sharm.app */,
			);
			name = Products;
			sourceTree = "<group>";
		};
		2670354022577A63008952A5 /* Lady Sharm */ = {
			isa = PBXGroup;
			children = (
				262C9EBB2257A0B6007CBBAA /* View */,
				2670355E22578115008952A5 /* Controllers */,
				2670355922577B5C008952A5 /* Model */,
				262C9EBC2258129F007CBBAA /* Sounds */,
				2679DCBE225B78C90080BA26 /* Fonts */,
				2670354122577A63008952A5 /* AppDelegate.swift */,
				2670354522577A63008952A5 /* Main.storyboard */,
				2670354B22577A65008952A5 /* Assets.xcassets */,
				2670354D22577A65008952A5 /* LaunchScreen.storyboard */,
				2670355022577A65008952A5 /* Info.plist */,
				2670354822577A64008952A5 /* Lady_Sharm.xcdatamodeld */,
			);
			path = "Lady Sharm";
			sourceTree = "<group>";
		};
		2670355922577B5C008952A5 /* Model */ = {
			isa = PBXGroup;
			children = (
				2670355722577AE5008952A5 /* Card.swift */,
				2670355C22578090008952A5 /* CardModel.swift */,
				2670356D22578808008952A5 /* AudioPlayer.swift */,
				262C9EB722578BAC007CBBAA /* AudioSettings.swift */,
				2688233D225A26BF00D29FA9 /* Scores.swift */,
			);
			path = Model;
			sourceTree = "<group>";
		};
		2670355E22578115008952A5 /* Controllers */ = {
			isa = PBXGroup;
			children = (
				2670354322577A63008952A5 /* ViewController.swift */,
				2670355F22578135008952A5 /* SettingsViewController.swift */,
				267035612257814E008952A5 /* GameLevelViewController.swift */,
				2670356322578178008952A5 /* GameSceneViewController.swift */,
				267035652257818D008952A5 /* EndGameViewController.swift */,
				26703567225781A5008952A5 /* PrivacyViewController.swift */,
			);
			path = Controllers;
			sourceTree = "<group>";
		};
		2679DCBE225B78C90080BA26 /* Fonts */ = {
			isa = PBXGroup;
			children = (
				2679DCC0225B79280080BA26 /* Roboto-Bold.ttf */,
				2679DCC1225B79280080BA26 /* Roboto-Italic.ttf */,
				2679DCC2225B79280080BA26 /* Roboto-Light.ttf */,
				2679DCC9225B7A900080BA26 /* Roboto-Regular.ttf */,
				2679DCC3225B79280080BA26 /* Roboto-Medium.ttf */,
				2679DCBF225B79280080BA26 /* Roboto-Thin.ttf */,
			);
			path = Fonts;
			sourceTree = "<group>";
		};
/* End PBXGroup section */

/* Begin PBXNativeTarget section */
		2670353D22577A63008952A5 /* Lady Sharm */ = {
			isa = PBXNativeTarget;
			buildConfigurationList = 2670355322577A65008952A5 /* Build configuration list for PBXNativeTarget "Lady Sharm" */;
			buildPhases = (
				2670353A22577A63008952A5 /* Sources */,
				2670353B22577A63008952A5 /* Frameworks */,
				2670353C22577A63008952A5 /* Resources */,
			);
			buildRules = (
			);
			dependencies = (
			);
			name = "Lady Sharm";
			productName = "Lady Sharm";
			productReference = 2670353E22577A63008952A5 /* Lady Sharm.app */;
			productType = "com.apple.product-type.application";
		};
/* End PBXNativeTarget section */

/* Begin PBXProject section */
		2670353622577A63008952A5 /* Project object */ = {
			isa = PBXProject;
			attributes = {
				LastSwiftUpdateCheck = 1020;
				LastUpgradeCheck = 1020;
				ORGANIZATIONNAME = "Eduard Sinyakov";
				TargetAttributes = {
					2670353D22577A63008952A5 = {
						CreatedOnToolsVersion = 10.2;
					};
				};
			};
			buildConfigurationList = 2670353922577A63008952A5 /* Build configuration list for PBXProject "Lady Sharm" */;
			compatibilityVersion = "Xcode 9.3";
			developmentRegion = en;
			hasScannedForEncodings = 0;
			knownRegions = (
				en,
				Base,
			);
			mainGroup = 2670353522577A63008952A5;
			productRefGroup = 2670353F22577A63008952A5 /* Products */;
			projectDirPath = "";
			projectRoot = "";
			targets = (
				2670353D22577A63008952A5 /* Lady Sharm */,
			);
		};
/* End PBXProject section */

/* Begin PBXResourcesBuildPhase section */
		2670353C22577A63008952A5 /* Resources */ = {
			isa = PBXResourcesBuildPhase;
			buildActionMask = 2147483647;
			files = (
				2679DCC8225B79280080BA26 /* Roboto-Medium.ttf in Resources */,
				2670354F22577A65008952A5 /* LaunchScreen.storyboard in Resources */,
				2679DCBD225B4D040080BA26 /* Mush.wav in Resources */,
				2679DCC7225B79280080BA26 /* Roboto-Light.ttf in Resources */,
				2679DCC5225B79280080BA26 /* Roboto-Bold.ttf in Resources */,
				262C9EC3225812C6007CBBAA /* dingwrong.wav in Resources */,
				262C9EC1225812C6007CBBAA /* dingcorrect.wav in Resources */,
				262C9EC4225812C6007CBBAA /* shuffle.wav in Resources */,
				2679DCCA225B7A900080BA26 /* Roboto-Regular.ttf in Resources */,
				2670354C22577A65008952A5 /* Assets.xcassets in Resources */,
				2670354722577A63008952A5 /* Main.storyboard in Resources */,
				262C9EC2225812C6007CBBAA /* cardflip.wav in Resources */,
				2679DCC6225B79280080BA26 /* Roboto-Italic.ttf in Resources */,
				2679DCC4225B79280080BA26 /* Roboto-Thin.ttf in Resources */,
			);
			runOnlyForDeploymentPostprocessing = 0;
		};
/* End PBXResourcesBuildPhase section */

/* Begin PBXSourcesBuildPhase section */
		2670353A22577A63008952A5 /* Sources */ = {
			isa = PBXSourcesBuildPhase;
			buildActionMask = 2147483647;
			files = (
				267035622257814E008952A5 /* GameLevelViewController.swift in Sources */,
				2670354422577A63008952A5 /* ViewController.swift in Sources */,
				2670354A22577A64008952A5 /* Lady_Sharm.xcdatamodeld in Sources */,
				2670356022578135008952A5 /* SettingsViewController.swift in Sources */,
				2670354222577A63008952A5 /* AppDelegate.swift in Sources */,
				2670355822577AE5008952A5 /* Card.swift in Sources */,
				262C9EB822578BAC007CBBAA /* AudioSettings.swift in Sources */,
				2670355D22578090008952A5 /* CardModel.swift in Sources */,
				262C9EBA2257A0AC007CBBAA /* CellCollectionViewCell.swift in Sources */,
				26703568225781A5008952A5 /* PrivacyViewController.swift in Sources */,
				2688233E225A26BF00D29FA9 /* Scores.swift in Sources */,
				2670356422578178008952A5 /* GameSceneViewController.swift in Sources */,
				267035662257818D008952A5 /* EndGameViewController.swift in Sources */,
				2670356E22578808008952A5 /* AudioPlayer.swift in Sources */,
			);
			runOnlyForDeploymentPostprocessing = 0;
		};
/* End PBXSourcesBuildPhase section */

/* Begin PBXVariantGroup section */
		2670354522577A63008952A5 /* Main.storyboard */ = {
			isa = PBXVariantGroup;
			children = (
				2670354622577A63008952A5 /* Base */,
			);
			name = Main.storyboard;
			sourceTree = "<group>";
		};
		2670354D22577A65008952A5 /* LaunchScreen.storyboard */ = {
			isa = PBXVariantGroup;
			children = (
				2670354E22577A65008952A5 /* Base */,
			);
			name = LaunchScreen.storyboard;
			sourceTree = "<group>";
		};
/* End PBXVariantGroup section */

/* Begin XCBuildConfiguration section */
		2670355122577A65008952A5 /* Debug */ = {
			isa = XCBuildConfiguration;
			buildSettings = {
				ALWAYS_SEARCH_USER_PATHS = NO;
				CLANG_ANALYZER_NONNULL = YES;
				CLANG_ANALYZER_NUMBER_OBJECT_CONVERSION = YES_AGGRESSIVE;
				CLANG_CXX_LANGUAGE_STANDARD = "gnu++14";
				CLANG_CXX_LIBRARY = "libc++";
				CLANG_ENABLE_MODULES = YES;
				CLANG_ENABLE_OBJC_ARC = YES;
				CLANG_ENABLE_OBJC_WEAK = YES;
				CLANG_WARN_BLOCK_CAPTURE_AUTORELEASING = YES;
				CLANG_WARN_BOOL_CONVERSION = YES;
				CLANG_WARN_COMMA = YES;
				CLANG_WARN_CONSTANT_CONVERSION = YES;
				CLANG_WARN_DEPRECATED_OBJC_IMPLEMENTATIONS = YES;
				CLANG_WARN_DIRECT_OBJC_ISA_USAGE = YES_ERROR;
				CLANG_WARN_DOCUMENTATION_COMMENTS = YES;
				CLANG_WARN_EMPTY_BODY = YES;
				CLANG_WARN_ENUM_CONVERSION = YES;
				CLANG_WARN_INFINITE_RECURSION = YES;
				CLANG_WARN_INT_CONVERSION = YES;
				CLANG_WARN_NON_LITERAL_NULL_CONVERSION = YES;
				CLANG_WARN_OBJC_IMPLICIT_RETAIN_SELF = YES;
				CLANG_WARN_OBJC_LITERAL_CONVERSION = YES;
				CLANG_WARN_OBJC_ROOT_CLASS = YES_ERROR;
				CLANG_WARN_RANGE_LOOP_ANALYSIS = YES;
				CLANG_WARN_STRICT_PROTOTYPES = YES;
				CLANG_WARN_SUSPICIOUS_MOVE = YES;
				CLANG_WARN_UNGUARDED_AVAILABILITY = YES_AGGRESSIVE;
				CLANG_WARN_UNREACHABLE_CODE = YES;
				CLANG_WARN__DUPLICATE_METHOD_MATCH = YES;
				CODE_SIGN_IDENTITY = "iPhone Developer";
				COPY_PHASE_STRIP = NO;
				DEBUG_INFORMATION_FORMAT = dwarf;
				ENABLE_STRICT_OBJC_MSGSEND = YES;
				ENABLE_TESTABILITY = YES;
				GCC_C_LANGUAGE_STANDARD = gnu11;
				GCC_DYNAMIC_NO_PIC = NO;
				GCC_NO_COMMON_BLOCKS = YES;
				GCC_OPTIMIZATION_LEVEL = 0;
				GCC_PREPROCESSOR_DEFINITIONS = (
					"DEBUG=1",
					"$(inherited)",
				);
				GCC_WARN_64_TO_32_BIT_CONVERSION = YES;
				GCC_WARN_ABOUT_RETURN_TYPE = YES_ERROR;
				GCC_WARN_UNDECLARED_SELECTOR = YES;
				GCC_WARN_UNINITIALIZED_AUTOS = YES_AGGRESSIVE;
				GCC_WARN_UNUSED_FUNCTION = YES;
				GCC_WARN_UNUSED_VARIABLE = YES;
				IPHONEOS_DEPLOYMENT_TARGET = 12.2;
				MTL_ENABLE_DEBUG_INFO = INCLUDE_SOURCE;
				MTL_FAST_MATH = YES;
				ONLY_ACTIVE_ARCH = YES;
				SDKROOT = iphoneos;
				SWIFT_ACTIVE_COMPILATION_CONDITIONS = DEBUG;
				SWIFT_OPTIMIZATION_LEVEL = "-Onone";
			};
			name = Debug;
		};
		2670355222577A65008952A5 /* Release */ = {
			isa = XCBuildConfiguration;
			buildSettings = {
				ALWAYS_SEARCH_USER_PATHS = NO;
				CLANG_ANALYZER_NONNULL = YES;
				CLANG_ANALYZER_NUMBER_OBJECT_CONVERSION = YES_AGGRESSIVE;
				CLANG_CXX_LANGUAGE_STANDARD = "gnu++14";
				CLANG_CXX_LIBRARY = "libc++";
				CLANG_ENABLE_MODULES = YES;
				CLANG_ENABLE_OBJC_ARC = YES;
				CLANG_ENABLE_OBJC_WEAK = YES;
				CLANG_WARN_BLOCK_CAPTURE_AUTORELEASING = YES;
				CLANG_WARN_BOOL_CONVERSION = YES;
				CLANG_WARN_COMMA = YES;
				CLANG_WARN_CONSTANT_CONVERSION = YES;
				CLANG_WARN_DEPRECATED_OBJC_IMPLEMENTATIONS = YES;
				CLANG_WARN_DIRECT_OBJC_ISA_USAGE = YES_ERROR;
				CLANG_WARN_DOCUMENTATION_COMMENTS = YES;
				CLANG_WARN_EMPTY_BODY = YES;
				CLANG_WARN_ENUM_CONVERSION = YES;
				CLANG_WARN_INFINITE_RECURSION = YES;
				CLANG_WARN_INT_CONVERSION = YES;
				CLANG_WARN_NON_LITERAL_NULL_CONVERSION = YES;
				CLANG_WARN_OBJC_IMPLICIT_RETAIN_SELF = YES;
				CLANG_WARN_OBJC_LITERAL_CONVERSION = YES;
				CLANG_WARN_OBJC_ROOT_CLASS = YES_ERROR;
				CLANG_WARN_RANGE_LOOP_ANALYSIS = YES;
				CLANG_WARN_STRICT_PROTOTYPES = YES;
				CLANG_WARN_SUSPICIOUS_MOVE = YES;
				CLANG_WARN_UNGUARDED_AVAILABILITY = YES_AGGRESSIVE;
				CLANG_WARN_UNREACHABLE_CODE = YES;
				CLANG_WARN__DUPLICATE_METHOD_MATCH = YES;
				CODE_SIGN_IDENTITY = "iPhone Developer";
				COPY_PHASE_STRIP = NO;
				DEBUG_INFORMATION_FORMAT = "dwarf-with-dsym";
				ENABLE_NS_ASSERTIONS = NO;
				ENABLE_STRICT_OBJC_MSGSEND = YES;
				GCC_C_LANGUAGE_STANDARD = gnu11;
				GCC_NO_COMMON_BLOCKS = YES;
				GCC_WARN_64_TO_32_BIT_CONVERSION = YES;
				GCC_WARN_ABOUT_RETURN_TYPE = YES_ERROR;
				GCC_WARN_UNDECLARED_SELECTOR = YES;
				GCC_WARN_UNINITIALIZED_AUTOS = YES_AGGRESSIVE;
				GCC_WARN_UNUSED_FUNCTION = YES;
				GCC_WARN_UNUSED_VARIABLE = YES;
				IPHONEOS_DEPLOYMENT_TARGET = 12.2;
				MTL_ENABLE_DEBUG_INFO = NO;
				MTL_FAST_MATH = YES;
				SDKROOT = iphoneos;
				SWIFT_COMPILATION_MODE = wholemodule;
				SWIFT_OPTIMIZATION_LEVEL = "-O";
				VALIDATE_PRODUCT = YES;
			};
			name = Release;
		};
		2670355422577A65008952A5 /* Debug */ = {
			isa = XCBuildConfiguration;
			buildSettings = {
				ASSETCATALOG_COMPILER_APPICON_NAME = AppIcon;
				CODE_SIGN_STYLE = Automatic;
				DEVELOPMENT_TEAM = 35U3SKBK64;
				INFOPLIST_FILE = "Lady Sharm/Info.plist";
				IPHONEOS_DEPLOYMENT_TARGET = 12.1;
				LD_RUNPATH_SEARCH_PATHS = (
					"$(inherited)",
					"@executable_path/Frameworks",
				);
				PRODUCT_BUNDLE_IDENTIFIER = "Eduard-Sinyakov.Lady-Sharm";
				PRODUCT_NAME = "$(TARGET_NAME)";
				SWIFT_VERSION = 5.0;
				TARGETED_DEVICE_FAMILY = "1,2";
			};
			name = Debug;
		};
		2670355522577A65008952A5 /* Release */ = {
			isa = XCBuildConfiguration;
			buildSettings = {
				ASSETCATALOG_COMPILER_APPICON_NAME = AppIcon;
				CODE_SIGN_STYLE = Automatic;
				DEVELOPMENT_TEAM = 35U3SKBK64;
				INFOPLIST_FILE = "Lady Sharm/Info.plist";
				IPHONEOS_DEPLOYMENT_TARGET = 12.1;
				LD_RUNPATH_SEARCH_PATHS = (
					"$(inherited)",
					"@executable_path/Frameworks",
				);
				PRODUCT_BUNDLE_IDENTIFIER = "Eduard-Sinyakov.Lady-Sharm";
				PRODUCT_NAME = "$(TARGET_NAME)";
				SWIFT_VERSION = 5.0;
				TARGETED_DEVICE_FAMILY = "1,2";
			};
			name = Release;
		};
/* End XCBuildConfiguration section */

/* Begin XCConfigurationList section */
		2670353922577A63008952A5 /* Build configuration list for PBXProject "Lady Sharm" */ = {
			isa = XCConfigurationList;
			buildConfigurations = (
				2670355122577A65008952A5 /* Debug */,
				2670355222577A65008952A5 /* Release */,
			);
			defaultConfigurationIsVisible = 0;
			defaultConfigurationName = Release;
		};
		2670355322577A65008952A5 /* Build configuration list for PBXNativeTarget "Lady Sharm" */ = {
			isa = XCConfigurationList;
			buildConfigurations = (
				2670355422577A65008952A5 /* Debug */,
				2670355522577A65008952A5 /* Release */,
			);
			defaultConfigurationIsVisible = 0;
			defaultConfigurationName = Release;
		};
/* End XCConfigurationList section */

/* Begin XCVersionGroup section */
		2670354822577A64008952A5 /* Lady_Sharm.xcdatamodeld */ = {
			isa = XCVersionGroup;
			children = (
				2670354922577A64008952A5 /* Lady_Sharm.xcdatamodel */,
			);
			currentVersion = 2670354922577A64008952A5 /* Lady_Sharm.xcdatamodel */;
			path = Lady_Sharm.xcdatamodeld;
			sourceTree = "<group>";
			versionGroupType = wrapper.xcdatamodel;
		};
/* End XCVersionGroup section */
	};
	rootObject = 2670353622577A63008952A5 /* Project object */;
}
